
Microsoft Visual Studio Solution File, Format Version 12.00
# Visual Studio Version 17
VisualStudioVersion = 17.2.32526.322
MinimumVisualStudioVersion = 10.0.40219.1
Project("{FAE04EC0-301F-11D3-BF4B-00C04F79EFBC}") = "Mid Task", "Mid Task\Mid Task.csproj", "{EC394319-3636-4232-B80F-706F6DF6F18F}"
EndProject
Global
	GlobalSection(SolutionConfigurationPlatforms) = preSolution
		Debug|Any CPU = Debug|Any CPU
		Release|Any CPU = Release|Any CPU
	EndGlobalSection
	GlobalSection(ProjectConfigurationPlatforms) = postSolution
		{EC394319-3636-4232-B80F-706F6DF6F18F}.Debug|Any CPU.ActiveCfg = Debug|Any CPU
		{EC394319-3636-4232-B80F-706F6DF6F18F}.Debug|Any CPU.Build.0 = Debug|Any CPU
		{EC394319-3636-4232-B80F-706F6DF6F18F}.Release|Any CPU.ActiveCfg = Release|Any CPU
		{EC394319-3636-4232-B80F-706F6DF6F18F}.Release|Any CPU.Build.0 = Release|Any CPU
	EndGlobalSection
	GlobalSection(SolutionProperties) = preSolution
		HideSolutionNode = FALSE
	EndGlobalSection
	GlobalSection(ExtensibilityGlobals) = postSolution
		SolutionGuid = {4A88190A-F7D5-4BB8-AB2C-D2A536CC60F3}
	EndGlobalSection
EndGlobal
