
Microsoft Visual Studio Solution File, Format Version 12.00
# Visual Studio Version 17
VisualStudioVersion = 17.2.32526.322
MinimumVisualStudioVersion = 10.0.40219.1
Project("{FAE04EC0-301F-11D3-BF4B-00C04F79EFBC}") = "Form Validation", "Form Validation\Form Validation.csproj", "{EEFB8814-09D5-4C72-99E9-18D4C78ED643}"
EndProject
Global
	GlobalSection(SolutionConfigurationPlatforms) = preSolution
		Debug|Any CPU = Debug|Any CPU
		Release|Any CPU = Release|Any CPU
	EndGlobalSection
	GlobalSection(ProjectConfigurationPlatforms) = postSolution
		{EEFB8814-09D5-4C72-99E9-18D4C78ED643}.Debug|Any CPU.ActiveCfg = Debug|Any CPU
		{EEFB8814-09D5-4C72-99E9-18D4C78ED643}.Debug|Any CPU.Build.0 = Debug|Any CPU
		{EEFB8814-09D5-4C72-99E9-18D4C78ED643}.Release|Any CPU.ActiveCfg = Release|Any CPU
		{EEFB8814-09D5-4C72-99E9-18D4C78ED643}.Release|Any CPU.Build.0 = Release|Any CPU
	EndGlobalSection
	GlobalSection(SolutionProperties) = preSolution
		HideSolutionNode = FALSE
	EndGlobalSection
	GlobalSection(ExtensibilityGlobals) = postSolution
		SolutionGuid = {33724256-8EC5-4C48-AD6C-763213B3E77E}
	EndGlobalSection
EndGlobal
